
Microsoft Visual Studio Solution File, Format Version 12.00
# Visual Studio Version 16
VisualStudioVersion = 16.0.31025.194
MinimumVisualStudioVersion = 10.0.40219.1
Project("{FAE04EC0-301F-11D3-BF4B-00C04F79EFBC}") = "UnitTest2Q8_10", "UnitTest2Q8_10.csproj", "{18028689-6354-439A-9FD6-F5F8347EE130}"
EndProject
Global
	GlobalSection(SolutionConfigurationPlatforms) = preSolution
		Debug|Any CPU = Debug|Any CPU
		Release|Any CPU = Release|Any CPU
	EndGlobalSection
	GlobalSection(ProjectConfigurationPlatforms) = postSolution
		{18028689-6354-439A-9FD6-F5F8347EE130}.Debug|Any CPU.ActiveCfg = Debug|Any CPU
		{18028689-6354-439A-9FD6-F5F8347EE130}.Debug|Any CPU.Build.0 = Debug|Any CPU
		{18028689-6354-439A-9FD6-F5F8347EE130}.Release|Any CPU.ActiveCfg = Release|Any CPU
		{18028689-6354-439A-9FD6-F5F8347EE130}.Release|Any CPU.Build.0 = Release|Any CPU
	EndGlobalSection
	GlobalSection(SolutionProperties) = preSolution
		HideSolutionNode = FALSE
	EndGlobalSection
	GlobalSection(ExtensibilityGlobals) = postSolution
		SolutionGuid = {549FA810-EF18-4B9C-B609-82AD91C975E7}
	EndGlobalSection
EndGlobal
