
Microsoft Visual Studio Solution File, Format Version 12.00
# Visual Studio Version 16
VisualStudioVersion = 16.0.31025.194
MinimumVisualStudioVersion = 10.0.40219.1
Project("{FAE04EC0-301F-11D3-BF4B-00C04F79EFBC}") = "Vehicles", "Vehicles.csproj", "{877E018D-5026-48F2-9171-907642A2AE37}"
EndProject
Global
	GlobalSection(SolutionConfigurationPlatforms) = preSolution
		Debug|Any CPU = Debug|Any CPU
		Release|Any CPU = Release|Any CPU
	EndGlobalSection
	GlobalSection(ProjectConfigurationPlatforms) = postSolution
		{877E018D-5026-48F2-9171-907642A2AE37}.Debug|Any CPU.ActiveCfg = Debug|Any CPU
		{877E018D-5026-48F2-9171-907642A2AE37}.Debug|Any CPU.Build.0 = Debug|Any CPU
		{877E018D-5026-48F2-9171-907642A2AE37}.Release|Any CPU.ActiveCfg = Release|Any CPU
		{877E018D-5026-48F2-9171-907642A2AE37}.Release|Any CPU.Build.0 = Release|Any CPU
	EndGlobalSection
	GlobalSection(SolutionProperties) = preSolution
		HideSolutionNode = FALSE
	EndGlobalSection
	GlobalSection(ExtensibilityGlobals) = postSolution
		SolutionGuid = {89665C5A-A3F6-451F-BD30-79882E56616F}
	EndGlobalSection
EndGlobal
