
Microsoft Visual Studio Solution File, Format Version 12.00
# Visual Studio Version 16
VisualStudioVersion = 16.0.31025.194
MinimumVisualStudioVersion = 10.0.40219.1
Project("{FAE04EC0-301F-11D3-BF4B-00C04F79EFBC}") = "StructToClass", "StructToClass.csproj", "{2717AD45-CCA1-4EEC-B91B-8664A3140094}"
EndProject
Global
	GlobalSection(SolutionConfigurationPlatforms) = preSolution
		Debug|Any CPU = Debug|Any CPU
		Release|Any CPU = Release|Any CPU
	EndGlobalSection
	GlobalSection(ProjectConfigurationPlatforms) = postSolution
		{2717AD45-CCA1-4EEC-B91B-8664A3140094}.Debug|Any CPU.ActiveCfg = Debug|Any CPU
		{2717AD45-CCA1-4EEC-B91B-8664A3140094}.Debug|Any CPU.Build.0 = Debug|Any CPU
		{2717AD45-CCA1-4EEC-B91B-8664A3140094}.Release|Any CPU.ActiveCfg = Release|Any CPU
		{2717AD45-CCA1-4EEC-B91B-8664A3140094}.Release|Any CPU.Build.0 = Release|Any CPU
	EndGlobalSection
	GlobalSection(SolutionProperties) = preSolution
		HideSolutionNode = FALSE
	EndGlobalSection
	GlobalSection(ExtensibilityGlobals) = postSolution
		SolutionGuid = {0AFC7AA3-E865-4986-9221-84BB2CEA0531}
	EndGlobalSection
EndGlobal
