
Microsoft Visual Studio Solution File, Format Version 12.00
# Visual Studio Version 16
VisualStudioVersion = 16.0.31025.194
MinimumVisualStudioVersion = 10.0.40219.1
Project("{FAE04EC0-301F-11D3-BF4B-00C04F79EFBC}") = "MathQuizWithDivision", "MathQuizWithDivision.csproj", "{2B028088-2295-49D2-AEBF-3A5B905DABD8}"
EndProject
Global
	GlobalSection(SolutionConfigurationPlatforms) = preSolution
		Debug|Any CPU = Debug|Any CPU
		Release|Any CPU = Release|Any CPU
	EndGlobalSection
	GlobalSection(ProjectConfigurationPlatforms) = postSolution
		{2B028088-2295-49D2-AEBF-3A5B905DABD8}.Debug|Any CPU.ActiveCfg = Debug|Any CPU
		{2B028088-2295-49D2-AEBF-3A5B905DABD8}.Debug|Any CPU.Build.0 = Debug|Any CPU
		{2B028088-2295-49D2-AEBF-3A5B905DABD8}.Release|Any CPU.ActiveCfg = Release|Any CPU
		{2B028088-2295-49D2-AEBF-3A5B905DABD8}.Release|Any CPU.Build.0 = Release|Any CPU
	EndGlobalSection
	GlobalSection(SolutionProperties) = preSolution
		HideSolutionNode = FALSE
	EndGlobalSection
	GlobalSection(ExtensibilityGlobals) = postSolution
		SolutionGuid = {C4A85EFA-4EAF-41F5-913D-4293374F5E2B}
	EndGlobalSection
EndGlobal
