
Microsoft Visual Studio Solution File, Format Version 12.00
# Visual Studio Version 16
VisualStudioVersion = 16.0.31025.194
MinimumVisualStudioVersion = 10.0.40219.1
Project("{FAE04EC0-301F-11D3-BF4B-00C04F79EFBC}") = "PE14Q3", "PE14Q3.csproj", "{1D26DD04-F531-44BB-B9D1-DB2552BD915B}"
EndProject
Global
	GlobalSection(SolutionConfigurationPlatforms) = preSolution
		Debug|Any CPU = Debug|Any CPU
		Release|Any CPU = Release|Any CPU
	EndGlobalSection
	GlobalSection(ProjectConfigurationPlatforms) = postSolution
		{1D26DD04-F531-44BB-B9D1-DB2552BD915B}.Debug|Any CPU.ActiveCfg = Debug|Any CPU
		{1D26DD04-F531-44BB-B9D1-DB2552BD915B}.Debug|Any CPU.Build.0 = Debug|Any CPU
		{1D26DD04-F531-44BB-B9D1-DB2552BD915B}.Release|Any CPU.ActiveCfg = Release|Any CPU
		{1D26DD04-F531-44BB-B9D1-DB2552BD915B}.Release|Any CPU.Build.0 = Release|Any CPU
	EndGlobalSection
	GlobalSection(SolutionProperties) = preSolution
		HideSolutionNode = FALSE
	EndGlobalSection
	GlobalSection(ExtensibilityGlobals) = postSolution
		SolutionGuid = {AA3AAB65-341B-4185-A02F-4C45AFA96B00}
	EndGlobalSection
EndGlobal
